
Microsoft Visual Studio Solution File, Format Version 12.00
# Visual Studio Version 17
VisualStudioVersion = 17.2.32616.157
MinimumVisualStudioVersion = 10.0.40219.1
Project("{9A19103F-16F7-4668-BE54-9A1E7A4F7556}") = "ServicePortfolio.Shared", "ServicePortfolio.Shared\ServicePortfolio.Shared.csproj", "{013BA8C6-C2D7-446B-B7E9-35166B034745}"
EndProject
Project("{FAE04EC0-301F-11D3-BF4B-00C04F79EFBC}") = "ServicePortfolio.Service", "ServicePortfolio.Service\ServicePortfolio.Service.csproj", "{7000F561-EC7D-4CE6-BF51-A259A471E3B5}"
EndProject
Project("{FAE04EC0-301F-11D3-BF4B-00C04F79EFBC}") = "ServicePortfolio.WebAPI", "ServicePortfolio.WebAPI\ServicePortfolio.WebAPI.csproj", "{64E0E277-8868-4EB4-A44A-3ACEAA8AAE37}"
EndProject
Global
	GlobalSection(SolutionConfigurationPlatforms) = preSolution
		Debug|Any CPU = Debug|Any CPU
		Release|Any CPU = Release|Any CPU
	EndGlobalSection
	GlobalSection(ProjectConfigurationPlatforms) = postSolution
		{013BA8C6-C2D7-446B-B7E9-35166B034745}.Debug|Any CPU.ActiveCfg = Debug|Any CPU
		{013BA8C6-C2D7-446B-B7E9-35166B034745}.Debug|Any CPU.Build.0 = Debug|Any CPU
		{013BA8C6-C2D7-446B-B7E9-35166B034745}.Release|Any CPU.ActiveCfg = Release|Any CPU
		{013BA8C6-C2D7-446B-B7E9-35166B034745}.Release|Any CPU.Build.0 = Release|Any CPU
		{7000F561-EC7D-4CE6-BF51-A259A471E3B5}.Debug|Any CPU.ActiveCfg = Debug|Any CPU
		{7000F561-EC7D-4CE6-BF51-A259A471E3B5}.Debug|Any CPU.Build.0 = Debug|Any CPU
		{7000F561-EC7D-4CE6-BF51-A259A471E3B5}.Release|Any CPU.ActiveCfg = Release|Any CPU
		{7000F561-EC7D-4CE6-BF51-A259A471E3B5}.Release|Any CPU.Build.0 = Release|Any CPU
		{64E0E277-8868-4EB4-A44A-3ACEAA8AAE37}.Debug|Any CPU.ActiveCfg = Debug|Any CPU
		{64E0E277-8868-4EB4-A44A-3ACEAA8AAE37}.Debug|Any CPU.Build.0 = Debug|Any CPU
		{64E0E277-8868-4EB4-A44A-3ACEAA8AAE37}.Release|Any CPU.ActiveCfg = Release|Any CPU
		{64E0E277-8868-4EB4-A44A-3ACEAA8AAE37}.Release|Any CPU.Build.0 = Release|Any CPU
	EndGlobalSection
	GlobalSection(SolutionProperties) = preSolution
		HideSolutionNode = FALSE
	EndGlobalSection
	GlobalSection(ExtensibilityGlobals) = postSolution
		SolutionGuid = {DEBB51AF-36A1-461A-BE2A-0265D2DD4396}
	EndGlobalSection
EndGlobal
